
Microsoft Visual Studio Solution File, Format Version 12.00
# Visual Studio 14
VisualStudioVersion = 14.0.25420.1
MinimumVisualStudioVersion = 10.0.40219.1
Project("{FAE04EC0-301F-11D3-BF4B-00C04F79EFBC}") = "WebAPI", "WebAPI\WebAPI.csproj", "{9AA4A288-48B6-4EE8-B6D1-077E6A6F6B2B}"
EndProject
Project("{FAE04EC0-301F-11D3-BF4B-00C04F79EFBC}") = "WebAPI.Tests", "WebAPI.Tests\WebAPI.Tests.csproj", "{2AA01496-A714-4FAE-930D-E017A19EC882}"
EndProject
Global
	GlobalSection(SolutionConfigurationPlatforms) = preSolution
		Debug|Any CPU = Debug|Any CPU
		Release|Any CPU = Release|Any CPU
	EndGlobalSection
	GlobalSection(ProjectConfigurationPlatforms) = postSolution
		{9AA4A288-48B6-4EE8-B6D1-077E6A6F6B2B}.Debug|Any CPU.ActiveCfg = Debug|Any CPU
		{9AA4A288-48B6-4EE8-B6D1-077E6A6F6B2B}.Debug|Any CPU.Build.0 = Debug|Any CPU
		{9AA4A288-48B6-4EE8-B6D1-077E6A6F6B2B}.Release|Any CPU.ActiveCfg = Release|Any CPU
		{9AA4A288-48B6-4EE8-B6D1-077E6A6F6B2B}.Release|Any CPU.Build.0 = Release|Any CPU
		{2AA01496-A714-4FAE-930D-E017A19EC882}.Debug|Any CPU.ActiveCfg = Debug|Any CPU
		{2AA01496-A714-4FAE-930D-E017A19EC882}.Debug|Any CPU.Build.0 = Debug|Any CPU
		{2AA01496-A714-4FAE-930D-E017A19EC882}.Release|Any CPU.ActiveCfg = Release|Any CPU
		{2AA01496-A714-4FAE-930D-E017A19EC882}.Release|Any CPU.Build.0 = Release|Any CPU
	EndGlobalSection
	GlobalSection(SolutionProperties) = preSolution
		HideSolutionNode = FALSE
	EndGlobalSection
EndGlobal
